
Microsoft Visual Studio Solution File, Format Version 12.00
# Visual Studio Version 16
VisualStudioVersion = 16.0.28917.181
MinimumVisualStudioVersion = 10.0.40219.1
Project("{FAE04EC0-301F-11D3-BF4B-00C04F79EFBC}") = "Hard-4_20", "Hard-4_20\Hard-4_20.csproj", "{F5519F7C-07C3-4F76-B79F-630B349ED302}"
EndProject
Global
	GlobalSection(SolutionConfigurationPlatforms) = preSolution
		Debug|Any CPU = Debug|Any CPU
		Release|Any CPU = Release|Any CPU
	EndGlobalSection
	GlobalSection(ProjectConfigurationPlatforms) = postSolution
		{F5519F7C-07C3-4F76-B79F-630B349ED302}.Debug|Any CPU.ActiveCfg = Debug|Any CPU
		{F5519F7C-07C3-4F76-B79F-630B349ED302}.Debug|Any CPU.Build.0 = Debug|Any CPU
		{F5519F7C-07C3-4F76-B79F-630B349ED302}.Release|Any CPU.ActiveCfg = Release|Any CPU
		{F5519F7C-07C3-4F76-B79F-630B349ED302}.Release|Any CPU.Build.0 = Release|Any CPU
	EndGlobalSection
	GlobalSection(SolutionProperties) = preSolution
		HideSolutionNode = FALSE
	EndGlobalSection
	GlobalSection(ExtensibilityGlobals) = postSolution
		SolutionGuid = {0B241621-054A-4429-B5E0-0EC8A05B1388}
	EndGlobalSection
EndGlobal
